
Microsoft Visual Studio Solution File, Format Version 12.00
# Visual Studio 15
VisualStudioVersion = 15.0.26124.0
MinimumVisualStudioVersion = 15.0.26124.0
Project("{FAE04EC0-301F-11D3-BF4B-00C04F79EFBC}") = "Final.ConsoleApplication", "Final.ConsoleApplication\Final.ConsoleApplication.csproj", "{2D10D707-5CAE-4F75-ADEA-85D52E10BEEE}"
EndProject
Project("{FAE04EC0-301F-11D3-BF4B-00C04F79EFBC}") = "Final.Logic", "Final.Logic\Final.Logic.csproj", "{CFBCC961-2CE3-4E63-8C87-506BF46458AB}"
EndProject
Project("{FAE04EC0-301F-11D3-BF4B-00C04F79EFBC}") = "Final.Tests", "Final.Tests\Final.Tests.csproj", "{AF207943-8A5B-4660-A970-24D6FBC4AD1B}"
EndProject
Project("{FAE04EC0-301F-11D3-BF4B-00C04F79EFBC}") = "ImGui", "imgui\ImGui.csproj", "{FA6FC7E0-49D8-4A3D-9BF3-04887BDF4853}"
EndProject
Global
	GlobalSection(SolutionConfigurationPlatforms) = preSolution
		Debug|Any CPU = Debug|Any CPU
		Debug|x64 = Debug|x64
		Debug|x86 = Debug|x86
		Release|Any CPU = Release|Any CPU
		Release|x64 = Release|x64
		Release|x86 = Release|x86
	EndGlobalSection
	GlobalSection(SolutionProperties) = preSolution
		HideSolutionNode = FALSE
	EndGlobalSection
	GlobalSection(ProjectConfigurationPlatforms) = postSolution
		{2D10D707-5CAE-4F75-ADEA-85D52E10BEEE}.Debug|Any CPU.ActiveCfg = Debug|Any CPU
		{2D10D707-5CAE-4F75-ADEA-85D52E10BEEE}.Debug|Any CPU.Build.0 = Debug|Any CPU
		{2D10D707-5CAE-4F75-ADEA-85D52E10BEEE}.Debug|x64.ActiveCfg = Debug|Any CPU
		{2D10D707-5CAE-4F75-ADEA-85D52E10BEEE}.Debug|x64.Build.0 = Debug|Any CPU
		{2D10D707-5CAE-4F75-ADEA-85D52E10BEEE}.Debug|x86.ActiveCfg = Debug|Any CPU
		{2D10D707-5CAE-4F75-ADEA-85D52E10BEEE}.Debug|x86.Build.0 = Debug|Any CPU
		{2D10D707-5CAE-4F75-ADEA-85D52E10BEEE}.Release|Any CPU.ActiveCfg = Release|Any CPU
		{2D10D707-5CAE-4F75-ADEA-85D52E10BEEE}.Release|Any CPU.Build.0 = Release|Any CPU
		{2D10D707-5CAE-4F75-ADEA-85D52E10BEEE}.Release|x64.ActiveCfg = Release|Any CPU
		{2D10D707-5CAE-4F75-ADEA-85D52E10BEEE}.Release|x64.Build.0 = Release|Any CPU
		{2D10D707-5CAE-4F75-ADEA-85D52E10BEEE}.Release|x86.ActiveCfg = Release|Any CPU
		{2D10D707-5CAE-4F75-ADEA-85D52E10BEEE}.Release|x86.Build.0 = Release|Any CPU
		{CFBCC961-2CE3-4E63-8C87-506BF46458AB}.Debug|Any CPU.ActiveCfg = Debug|Any CPU
		{CFBCC961-2CE3-4E63-8C87-506BF46458AB}.Debug|Any CPU.Build.0 = Debug|Any CPU
		{CFBCC961-2CE3-4E63-8C87-506BF46458AB}.Debug|x64.ActiveCfg = Debug|Any CPU
		{CFBCC961-2CE3-4E63-8C87-506BF46458AB}.Debug|x64.Build.0 = Debug|Any CPU
		{CFBCC961-2CE3-4E63-8C87-506BF46458AB}.Debug|x86.ActiveCfg = Debug|Any CPU
		{CFBCC961-2CE3-4E63-8C87-506BF46458AB}.Debug|x86.Build.0 = Debug|Any CPU
		{CFBCC961-2CE3-4E63-8C87-506BF46458AB}.Release|Any CPU.ActiveCfg = Release|Any CPU
		{CFBCC961-2CE3-4E63-8C87-506BF46458AB}.Release|Any CPU.Build.0 = Release|Any CPU
		{CFBCC961-2CE3-4E63-8C87-506BF46458AB}.Release|x64.ActiveCfg = Release|Any CPU
		{CFBCC961-2CE3-4E63-8C87-506BF46458AB}.Release|x64.Build.0 = Release|Any CPU
		{CFBCC961-2CE3-4E63-8C87-506BF46458AB}.Release|x86.ActiveCfg = Release|Any CPU
		{CFBCC961-2CE3-4E63-8C87-506BF46458AB}.Release|x86.Build.0 = Release|Any CPU
		{AF207943-8A5B-4660-A970-24D6FBC4AD1B}.Debug|Any CPU.ActiveCfg = Debug|Any CPU
		{AF207943-8A5B-4660-A970-24D6FBC4AD1B}.Debug|Any CPU.Build.0 = Debug|Any CPU
		{AF207943-8A5B-4660-A970-24D6FBC4AD1B}.Debug|x64.ActiveCfg = Debug|Any CPU
		{AF207943-8A5B-4660-A970-24D6FBC4AD1B}.Debug|x64.Build.0 = Debug|Any CPU
		{AF207943-8A5B-4660-A970-24D6FBC4AD1B}.Debug|x86.ActiveCfg = Debug|Any CPU
		{AF207943-8A5B-4660-A970-24D6FBC4AD1B}.Debug|x86.Build.0 = Debug|Any CPU
		{AF207943-8A5B-4660-A970-24D6FBC4AD1B}.Release|Any CPU.ActiveCfg = Release|Any CPU
		{AF207943-8A5B-4660-A970-24D6FBC4AD1B}.Release|Any CPU.Build.0 = Release|Any CPU
		{AF207943-8A5B-4660-A970-24D6FBC4AD1B}.Release|x64.ActiveCfg = Release|Any CPU
		{AF207943-8A5B-4660-A970-24D6FBC4AD1B}.Release|x64.Build.0 = Release|Any CPU
		{AF207943-8A5B-4660-A970-24D6FBC4AD1B}.Release|x86.ActiveCfg = Release|Any CPU
		{AF207943-8A5B-4660-A970-24D6FBC4AD1B}.Release|x86.Build.0 = Release|Any CPU
		{FA6FC7E0-49D8-4A3D-9BF3-04887BDF4853}.Debug|Any CPU.ActiveCfg = Debug|Any CPU
		{FA6FC7E0-49D8-4A3D-9BF3-04887BDF4853}.Debug|Any CPU.Build.0 = Debug|Any CPU
		{FA6FC7E0-49D8-4A3D-9BF3-04887BDF4853}.Debug|x64.ActiveCfg = Debug|Any CPU
		{FA6FC7E0-49D8-4A3D-9BF3-04887BDF4853}.Debug|x64.Build.0 = Debug|Any CPU
		{FA6FC7E0-49D8-4A3D-9BF3-04887BDF4853}.Debug|x86.ActiveCfg = Debug|Any CPU
		{FA6FC7E0-49D8-4A3D-9BF3-04887BDF4853}.Debug|x86.Build.0 = Debug|Any CPU
		{FA6FC7E0-49D8-4A3D-9BF3-04887BDF4853}.Release|Any CPU.ActiveCfg = Release|Any CPU
		{FA6FC7E0-49D8-4A3D-9BF3-04887BDF4853}.Release|Any CPU.Build.0 = Release|Any CPU
		{FA6FC7E0-49D8-4A3D-9BF3-04887BDF4853}.Release|x64.ActiveCfg = Release|Any CPU
		{FA6FC7E0-49D8-4A3D-9BF3-04887BDF4853}.Release|x64.Build.0 = Release|Any CPU
		{FA6FC7E0-49D8-4A3D-9BF3-04887BDF4853}.Release|x86.ActiveCfg = Release|Any CPU
		{FA6FC7E0-49D8-4A3D-9BF3-04887BDF4853}.Release|x86.Build.0 = Release|Any CPU
	EndGlobalSection
EndGlobal
